
Microsoft Visual Studio Solution File, Format Version 12.00
# Visual Studio Version 17
VisualStudioVersion = 17.9.34723.18
MinimumVisualStudioVersion = 10.0.40219.1
Project("{888888A0-9F3D-457C-B088-3A5042F75D52}") = "P_XepChanDauLeCuoi0Giua", "P_XepChanDauLeCuoi0Giua.pyproj", "{1E208D84-C86A-4C67-83B8-9B26FFBBFF70}"
EndProject
Global
	GlobalSection(SolutionConfigurationPlatforms) = preSolution
		Debug|Any CPU = Debug|Any CPU
		Release|Any CPU = Release|Any CPU
	EndGlobalSection
	GlobalSection(ProjectConfigurationPlatforms) = postSolution
		{1E208D84-C86A-4C67-83B8-9B26FFBBFF70}.Debug|Any CPU.ActiveCfg = Debug|Any CPU
		{1E208D84-C86A-4C67-83B8-9B26FFBBFF70}.Release|Any CPU.ActiveCfg = Release|Any CPU
	EndGlobalSection
	GlobalSection(SolutionProperties) = preSolution
		HideSolutionNode = FALSE
	EndGlobalSection
	GlobalSection(ExtensibilityGlobals) = postSolution
		SolutionGuid = {95A023C3-A23B-47CF-BC05-55095C2233CD}
	EndGlobalSection
EndGlobal
